
Microsoft Visual Studio Solution File, Format Version 12.00
# Visual Studio Version 17
VisualStudioVersion = 17.4.33205.214
MinimumVisualStudioVersion = 10.0.40219.1
Project("{9A19103F-16F7-4668-BE54-9A1E7A4F7556}") = "BookStore2", "BookStore2\BookStore2.csproj", "{A5EE4C4F-7AFB-44AA-8510-0D9E57B38E44}"
EndProject
Project("{FAE04EC0-301F-11D3-BF4B-00C04F79EFBC}") = "WebApi.UnitTests", "WebApi.UnitTests\WebApi.UnitTests.csproj", "{33E0967C-A5CB-40AE-9E7E-F174D40AA74E}"
EndProject
Global
	GlobalSection(SolutionConfigurationPlatforms) = preSolution
		Debug|Any CPU = Debug|Any CPU
		Release|Any CPU = Release|Any CPU
	EndGlobalSection
	GlobalSection(ProjectConfigurationPlatforms) = postSolution
		{A5EE4C4F-7AFB-44AA-8510-0D9E57B38E44}.Debug|Any CPU.ActiveCfg = Debug|Any CPU
		{A5EE4C4F-7AFB-44AA-8510-0D9E57B38E44}.Debug|Any CPU.Build.0 = Debug|Any CPU
		{A5EE4C4F-7AFB-44AA-8510-0D9E57B38E44}.Release|Any CPU.ActiveCfg = Release|Any CPU
		{A5EE4C4F-7AFB-44AA-8510-0D9E57B38E44}.Release|Any CPU.Build.0 = Release|Any CPU
		{33E0967C-A5CB-40AE-9E7E-F174D40AA74E}.Debug|Any CPU.ActiveCfg = Debug|Any CPU
		{33E0967C-A5CB-40AE-9E7E-F174D40AA74E}.Debug|Any CPU.Build.0 = Debug|Any CPU
		{33E0967C-A5CB-40AE-9E7E-F174D40AA74E}.Release|Any CPU.ActiveCfg = Release|Any CPU
		{33E0967C-A5CB-40AE-9E7E-F174D40AA74E}.Release|Any CPU.Build.0 = Release|Any CPU
	EndGlobalSection
	GlobalSection(SolutionProperties) = preSolution
		HideSolutionNode = FALSE
	EndGlobalSection
	GlobalSection(ExtensibilityGlobals) = postSolution
		SolutionGuid = {4A1A459B-38AC-4CC6-A89E-6D4E16E3622B}
	EndGlobalSection
EndGlobal
